
Microsoft Visual Studio Solution File, Format Version 12.00
# Visual Studio 15
VisualStudioVersion = 15.0.28010.2041
MinimumVisualStudioVersion = 10.0.40219.1
Project("{9A19103F-16F7-4668-BE54-9A1E7A4F7556}") = "Census.Api", "Census.Api\Census.Api.csproj", "{0681DB67-3C83-43E4-A25D-AD17C17BDEEF}"
EndProject
Project("{9092AA53-FB77-4645-B42D-1CCCA6BD08BD}") = "census", "census\census.njsproj", "{8FDFCBF4-1841-4ED0-9B29-C493A703EB28}"
EndProject
Global
	GlobalSection(SolutionConfigurationPlatforms) = preSolution
		Debug|Any CPU = Debug|Any CPU
		Release|Any CPU = Release|Any CPU
	EndGlobalSection
	GlobalSection(ProjectConfigurationPlatforms) = postSolution
		{0681DB67-3C83-43E4-A25D-AD17C17BDEEF}.Debug|Any CPU.ActiveCfg = Debug|Any CPU
		{0681DB67-3C83-43E4-A25D-AD17C17BDEEF}.Debug|Any CPU.Build.0 = Debug|Any CPU
		{0681DB67-3C83-43E4-A25D-AD17C17BDEEF}.Release|Any CPU.ActiveCfg = Release|Any CPU
		{0681DB67-3C83-43E4-A25D-AD17C17BDEEF}.Release|Any CPU.Build.0 = Release|Any CPU
		{8FDFCBF4-1841-4ED0-9B29-C493A703EB28}.Debug|Any CPU.ActiveCfg = Debug|Any CPU
		{8FDFCBF4-1841-4ED0-9B29-C493A703EB28}.Debug|Any CPU.Build.0 = Debug|Any CPU
		{8FDFCBF4-1841-4ED0-9B29-C493A703EB28}.Release|Any CPU.ActiveCfg = Release|Any CPU
		{8FDFCBF4-1841-4ED0-9B29-C493A703EB28}.Release|Any CPU.Build.0 = Release|Any CPU
	EndGlobalSection
	GlobalSection(SolutionProperties) = preSolution
		HideSolutionNode = FALSE
	EndGlobalSection
	GlobalSection(ExtensibilityGlobals) = postSolution
		SolutionGuid = {8EC53890-4272-417A-A2E4-6FB6E8600B44}
	EndGlobalSection
EndGlobal
