
Microsoft Visual Studio Solution File, Format Version 12.00
# Visual Studio 15
VisualStudioVersion = 15.0.28010.2041
MinimumVisualStudioVersion = 10.0.40219.1
Project("{9A19103F-16F7-4668-BE54-9A1E7A4F7556}") = "Census.Api", "Census.Api\Census.Api.csproj", "{0681DB67-3C83-43E4-A25D-AD17C17BDEEF}"
EndProject
Project("{9A19103F-16F7-4668-BE54-9A1E7A4F7556}") = "Census.Client", "Census.Client\Census.Client.csproj", "{59F09C8B-9415-49BE-8A1A-38DF74030719}"
EndProject
Project("{9A19103F-16F7-4668-BE54-9A1E7A4F7556}") = "Census.Contracts", "Census.Contracts\Census.Contracts.csproj", "{AFEDDB9E-951F-497B-AA43-9C3079AAB6B8}"
EndProject
Project("{9A19103F-16F7-4668-BE54-9A1E7A4F7556}") = "Census.Tests", "Census.Tests\Census.Tests.csproj", "{4FFCA059-FF6F-41FE-AB3C-EED272030DCA}"
EndProject
Project("{FAE04EC0-301F-11D3-BF4B-00C04F79EFBC}") = "Census.AccessTokenGenerator", "Census.AccessTokenGenerator\Census.AccessTokenGenerator.csproj", "{EB3AADAB-ADBD-461E-B237-23E3CB6A60A6}"
EndProject
Project("{FAE04EC0-301F-11D3-BF4B-00C04F79EFBC}") = "Census.TestHarness", "Census.TestHarness\Census.TestHarness.csproj", "{AF5BDF1C-1511-4D5D-BCDF-0E2C1FB0A4F7}"
EndProject
Global
	GlobalSection(SolutionConfigurationPlatforms) = preSolution
		Debug|Any CPU = Debug|Any CPU
		Release|Any CPU = Release|Any CPU
	EndGlobalSection
	GlobalSection(ProjectConfigurationPlatforms) = postSolution
		{0681DB67-3C83-43E4-A25D-AD17C17BDEEF}.Debug|Any CPU.ActiveCfg = Debug|Any CPU
		{0681DB67-3C83-43E4-A25D-AD17C17BDEEF}.Debug|Any CPU.Build.0 = Debug|Any CPU
		{0681DB67-3C83-43E4-A25D-AD17C17BDEEF}.Release|Any CPU.ActiveCfg = Release|Any CPU
		{0681DB67-3C83-43E4-A25D-AD17C17BDEEF}.Release|Any CPU.Build.0 = Release|Any CPU
		{59F09C8B-9415-49BE-8A1A-38DF74030719}.Debug|Any CPU.ActiveCfg = Debug|Any CPU
		{59F09C8B-9415-49BE-8A1A-38DF74030719}.Debug|Any CPU.Build.0 = Debug|Any CPU
		{59F09C8B-9415-49BE-8A1A-38DF74030719}.Release|Any CPU.ActiveCfg = Release|Any CPU
		{59F09C8B-9415-49BE-8A1A-38DF74030719}.Release|Any CPU.Build.0 = Release|Any CPU
		{AFEDDB9E-951F-497B-AA43-9C3079AAB6B8}.Debug|Any CPU.ActiveCfg = Debug|Any CPU
		{AFEDDB9E-951F-497B-AA43-9C3079AAB6B8}.Debug|Any CPU.Build.0 = Debug|Any CPU
		{AFEDDB9E-951F-497B-AA43-9C3079AAB6B8}.Release|Any CPU.ActiveCfg = Release|Any CPU
		{AFEDDB9E-951F-497B-AA43-9C3079AAB6B8}.Release|Any CPU.Build.0 = Release|Any CPU
		{4FFCA059-FF6F-41FE-AB3C-EED272030DCA}.Debug|Any CPU.ActiveCfg = Debug|Any CPU
		{4FFCA059-FF6F-41FE-AB3C-EED272030DCA}.Debug|Any CPU.Build.0 = Debug|Any CPU
		{4FFCA059-FF6F-41FE-AB3C-EED272030DCA}.Release|Any CPU.ActiveCfg = Release|Any CPU
		{4FFCA059-FF6F-41FE-AB3C-EED272030DCA}.Release|Any CPU.Build.0 = Release|Any CPU
		{EB3AADAB-ADBD-461E-B237-23E3CB6A60A6}.Debug|Any CPU.ActiveCfg = Debug|Any CPU
		{EB3AADAB-ADBD-461E-B237-23E3CB6A60A6}.Debug|Any CPU.Build.0 = Debug|Any CPU
		{EB3AADAB-ADBD-461E-B237-23E3CB6A60A6}.Release|Any CPU.ActiveCfg = Release|Any CPU
		{EB3AADAB-ADBD-461E-B237-23E3CB6A60A6}.Release|Any CPU.Build.0 = Release|Any CPU
		{AF5BDF1C-1511-4D5D-BCDF-0E2C1FB0A4F7}.Debug|Any CPU.ActiveCfg = Debug|Any CPU
		{AF5BDF1C-1511-4D5D-BCDF-0E2C1FB0A4F7}.Debug|Any CPU.Build.0 = Debug|Any CPU
		{AF5BDF1C-1511-4D5D-BCDF-0E2C1FB0A4F7}.Release|Any CPU.ActiveCfg = Release|Any CPU
		{AF5BDF1C-1511-4D5D-BCDF-0E2C1FB0A4F7}.Release|Any CPU.Build.0 = Release|Any CPU
	EndGlobalSection
	GlobalSection(SolutionProperties) = preSolution
		HideSolutionNode = FALSE
	EndGlobalSection
	GlobalSection(ExtensibilityGlobals) = postSolution
		SolutionGuid = {8EC53890-4272-417A-A2E4-6FB6E8600B44}
	EndGlobalSection
EndGlobal
